<Solution>
  <Folder Name="/AccountApi/">
    <Project Path="AccountApi/Api/Api.csproj" />
    <Project Path="AccountApi/Application/Application.csproj" />
    <Project Path="AccountApi/Domain/Domain.csproj" />
    <Project Path="AccountApi/Infrastructure/Infrastructure.csproj" />
  </Folder>
  <Folder Name="/AccountEventListener/">
    <Project Path="AccountEventListener/AccountEventListener.csproj" />
  </Folder>
  <Folder Name="/DbMigration/">
    <Project Path="DbMigration/DbMigration.csproj" />
  </Folder>
</Solution>
