
Microsoft Visual Studio Solution File, Format Version 12.00
# Visual Studio Version 17
VisualStudioVersion = 17.0.31903.59
MinimumVisualStudioVersion = 10.0.40219.1
Project("{FAE04EC0-301F-11D3-BF4B-00C04F79EFBC}") = "Api", "Api\Api.csproj", "{02B5D5FA-6CAB-4B2D-B361-A4B0562352C9}"
EndProject
Project("{FAE04EC0-301F-11D3-BF4B-00C04F79EFBC}") = "Application", "Application\Application.csproj", "{5A2B3AFA-38D9-478C-9401-5C3DFB1B09BD}"
EndProject
Project("{FAE04EC0-301F-11D3-BF4B-00C04F79EFBC}") = "Domain", "Domain\Domain.csproj", "{FF7183DC-10EE-47C2-AD49-6454A58B7392}"
EndProject
Global
	GlobalSection(SolutionConfigurationPlatforms) = preSolution
		Debug|Any CPU = Debug|Any CPU
		Debug|x64 = Debug|x64
		Debug|x86 = Debug|x86
		Release|Any CPU = Release|Any CPU
		Release|x64 = Release|x64
		Release|x86 = Release|x86
	EndGlobalSection
	GlobalSection(ProjectConfigurationPlatforms) = postSolution
		{02B5D5FA-6CAB-4B2D-B361-A4B0562352C9}.Debug|Any CPU.ActiveCfg = Debug|Any CPU
		{02B5D5FA-6CAB-4B2D-B361-A4B0562352C9}.Debug|Any CPU.Build.0 = Debug|Any CPU
		{02B5D5FA-6CAB-4B2D-B361-A4B0562352C9}.Debug|x64.ActiveCfg = Debug|Any CPU
		{02B5D5FA-6CAB-4B2D-B361-A4B0562352C9}.Debug|x64.Build.0 = Debug|Any CPU
		{02B5D5FA-6CAB-4B2D-B361-A4B0562352C9}.Debug|x86.ActiveCfg = Debug|Any CPU
		{02B5D5FA-6CAB-4B2D-B361-A4B0562352C9}.Debug|x86.Build.0 = Debug|Any CPU
		{02B5D5FA-6CAB-4B2D-B361-A4B0562352C9}.Release|Any CPU.ActiveCfg = Release|Any CPU
		{02B5D5FA-6CAB-4B2D-B361-A4B0562352C9}.Release|Any CPU.Build.0 = Release|Any CPU
		{02B5D5FA-6CAB-4B2D-B361-A4B0562352C9}.Release|x64.ActiveCfg = Release|Any CPU
		{02B5D5FA-6CAB-4B2D-B361-A4B0562352C9}.Release|x64.Build.0 = Release|Any CPU
		{02B5D5FA-6CAB-4B2D-B361-A4B0562352C9}.Release|x86.ActiveCfg = Release|Any CPU
		{02B5D5FA-6CAB-4B2D-B361-A4B0562352C9}.Release|x86.Build.0 = Release|Any CPU
		{5A2B3AFA-38D9-478C-9401-5C3DFB1B09BD}.Debug|Any CPU.ActiveCfg = Debug|Any CPU
		{5A2B3AFA-38D9-478C-9401-5C3DFB1B09BD}.Debug|Any CPU.Build.0 = Debug|Any CPU
		{5A2B3AFA-38D9-478C-9401-5C3DFB1B09BD}.Debug|x64.ActiveCfg = Debug|Any CPU
		{5A2B3AFA-38D9-478C-9401-5C3DFB1B09BD}.Debug|x64.Build.0 = Debug|Any CPU
		{5A2B3AFA-38D9-478C-9401-5C3DFB1B09BD}.Debug|x86.ActiveCfg = Debug|Any CPU
		{5A2B3AFA-38D9-478C-9401-5C3DFB1B09BD}.Debug|x86.Build.0 = Debug|Any CPU
		{5A2B3AFA-38D9-478C-9401-5C3DFB1B09BD}.Release|Any CPU.ActiveCfg = Release|Any CPU
		{5A2B3AFA-38D9-478C-9401-5C3DFB1B09BD}.Release|Any CPU.Build.0 = Release|Any CPU
		{5A2B3AFA-38D9-478C-9401-5C3DFB1B09BD}.Release|x64.ActiveCfg = Release|Any CPU
		{5A2B3AFA-38D9-478C-9401-5C3DFB1B09BD}.Release|x64.Build.0 = Release|Any CPU
		{5A2B3AFA-38D9-478C-9401-5C3DFB1B09BD}.Release|x86.ActiveCfg = Release|Any CPU
		{5A2B3AFA-38D9-478C-9401-5C3DFB1B09BD}.Release|x86.Build.0 = Release|Any CPU
		{FF7183DC-10EE-47C2-AD49-6454A58B7392}.Debug|Any CPU.ActiveCfg = Debug|Any CPU
		{FF7183DC-10EE-47C2-AD49-6454A58B7392}.Debug|Any CPU.Build.0 = Debug|Any CPU
		{FF7183DC-10EE-47C2-AD49-6454A58B7392}.Debug|x64.ActiveCfg = Debug|Any CPU
		{FF7183DC-10EE-47C2-AD49-6454A58B7392}.Debug|x64.Build.0 = Debug|Any CPU
		{FF7183DC-10EE-47C2-AD49-6454A58B7392}.Debug|x86.ActiveCfg = Debug|Any CPU
		{FF7183DC-10EE-47C2-AD49-6454A58B7392}.Debug|x86.Build.0 = Debug|Any CPU
		{FF7183DC-10EE-47C2-AD49-6454A58B7392}.Release|Any CPU.ActiveCfg = Release|Any CPU
		{FF7183DC-10EE-47C2-AD49-6454A58B7392}.Release|Any CPU.Build.0 = Release|Any CPU
		{FF7183DC-10EE-47C2-AD49-6454A58B7392}.Release|x64.ActiveCfg = Release|Any CPU
		{FF7183DC-10EE-47C2-AD49-6454A58B7392}.Release|x64.Build.0 = Release|Any CPU
		{FF7183DC-10EE-47C2-AD49-6454A58B7392}.Release|x86.ActiveCfg = Release|Any CPU
		{FF7183DC-10EE-47C2-AD49-6454A58B7392}.Release|x86.Build.0 = Release|Any CPU
	EndGlobalSection
	GlobalSection(SolutionProperties) = preSolution
		HideSolutionNode = FALSE
	EndGlobalSection
EndGlobal
